{
  "lockfileVersion": 2,
  "configVersion": 1,
  "workspaces": {
    "": {
      "name": "goblin",
      "dependencies": {
        "@ai-sdk/groq": "2.0.53",
        "@ai-sdk/openai-compatible": "^1.0.0",
        "@ai-sdk/provider-utils": "3",
        "@openrouter/ai-sdk-provider": "^1.0.0",
        "ai": "^5.0.0",
        "cron-parser": "^5.10.1",
        "grammy": "^1.38.0",
        "json5": "^2.2.3",
        "ws": "8.21.3",
        "zod": "^4.0.0",
      },
      "devDependencies": {
        "@ai-sdk/provider": "2.0.4",
        "@types/bun": "latest",
        "@types/json5": "^2.2.0",
        "@types/ws": "8.18.1",
        "typescript": "^5.6.0",
      },
    },
  },
  "packages": {
    "@ai-sdk/gateway": ["@ai-sdk/gateway@2.0.153", "", { "dependencies": { "@ai-sdk/provider": "2.0.4", "@ai-sdk/provider-utils": "3.0.37", "@vercel/oidc": "3.1.0" }, "peerDependencies": { "zod": "^3.25.76 || ^4.1.8" } }, "sha512-USFJ7MIRxR6+PrXT06Q7V+cJf/rJIOmH/KdY84OWCb6+9bhg4xg1pUNxKD28N4F8+VFnX42wfWtqbM3+ZhK+yQ=="],

    "@ai-sdk/groq": ["@ai-sdk/groq@2.0.53", "", { "dependencies": { "@ai-sdk/provider": "2.0.4", "@ai-sdk/provider-utils": "3.0.37" }, "peerDependencies": { "zod": "^3.25.76 || ^4.1.8" } }, "sha512-aQcCmh7BkVibSvSgNpGNBWMK3sjwkKJs4bqszI2dtcMMEStrCGWS0e/k7MTu7vTDWsdXxvjfR45Ga7V+nKTfCw=="],

    "@ai-sdk/openai-compatible": ["@ai-sdk/openai-compatible@1.0.54", "", { "dependencies": { "@ai-sdk/provider": "2.0.4", "@ai-sdk/provider-utils": "3.0.37" }, "peerDependencies": { "zod": "^3.25.76 || ^4.1.8" } }, "sha512-3wY1L21FLhfKN6I1nQeWgFzDCeBiRxXwU2guE9BCixSLfOPtkJ0vyF7zo7lbnAg1y7tz6RDPq/o+AJf6QSL55g=="],

    "@ai-sdk/provider": ["@ai-sdk/provider@2.0.4", "", { "dependencies": { "json-schema": "^0.4.0" } }, "sha512-B0M50w0W43jTzZGyZrNwwaK1M79aKPw6PD/dQhkBR7vkR68yCINWBo2CbBLJrbrqYc46TaiSfsTiT+S9EmVl0w=="],

    "@ai-sdk/provider-utils": ["@ai-sdk/provider-utils@3.0.37", "", { "dependencies": { "@ai-sdk/provider": "2.0.4", "@standard-schema/spec": "^1.0.0", "eventsource-parser": "^3.0.6", "undici": "^5.29.0" }, "peerDependencies": { "zod": "^3.25.76 || ^4.1.8" } }, "sha512-mLx1SgE20xKQ87xME+9uG6pFlYPTqGDrMFrZ6XcytDnmbWGwmCIh2Xb9zFrfXUrKycSFRDet4Zovj388L9b1dg=="],

    "@fastify/busboy": ["@fastify/busboy@2.1.1", "", {}, "sha512-vBZP4NlzfOlerQTnba4aqZoMhE/a9HY7HRqoOPaETQcSQuWEIyZMHGfVu6w9wGtGK5fED5qRs2DteVCjOH60sA=="],

    "@grammyjs/types": ["@grammyjs/types@5.0.0", "", {}, "sha512-iq1Qrq1iPKkB8yAa0qSuIURMZOCuqTY5pWy5gHpCeL1oQ+GPadGhw/cDTVE8waJwuCzacUzuIjRv1sESvk7u7A=="],

    "@openrouter/ai-sdk-provider": ["@openrouter/ai-sdk-provider@1.5.4", "", { "dependencies": { "@openrouter/sdk": "^0.1.27" }, "peerDependencies": { "ai": "^5.0.0", "zod": "^3.24.1 || ^v4" } }, "sha512-xrSQPUIH8n9zuyYZR0XK7Ba0h2KsjJcMkxnwaYfmv13pKs3sDkjPzVPPhlhzqBGddHb5cFEwJ9VFuFeDcxCDSw=="],

    "@openrouter/sdk": ["@openrouter/sdk@0.1.27", "", { "dependencies": { "zod": "^3.25.0 || ^4.0.0" } }, "sha512-RH//L10bSmc81q25zAZudiI4kNkLgxF2E+WU42vghp3N6TEvZ6F0jK7uT3tOxkEn91gzmMw9YVmDENy7SJsajQ=="],

    "@opentelemetry/api": ["@opentelemetry/api@1.9.0", "", {}, "sha512-3giAOQvZiH5F9bMlMiv8+GSPMeqg0dbaeo58/0SlA9sxSqZhnUtxzX9/2FzyhS9sWQf5S0GJE0AKBrFqjpeYcg=="],

    "@standard-schema/spec": ["@standard-schema/spec@1.1.0", "", {}, "sha512-l2aFy5jALhniG5HgqrD6jXLi/rUWrKvqN/qJx6yoJsgKhblVd+iqqU4RCXavm/jPityDo5TCvKMnpjKnOriy0w=="],

    "@types/bun": ["@types/bun@1.4.2", "", { "dependencies": { "bun-types": "1.4.2" } }, "sha512-GimotNn7+ZV0uVArItBbriZsR1oNf0+WTzPkdcFrzShI7k2norL0uzEaJT8T33dWr7O/c9ZDuAFQrctKCi72oQ=="],

    "@types/json5": ["@types/json5@2.2.0", "", { "dependencies": { "json5": "*" } }, "sha512-NrVug5woqbvNZ0WX+Gv4R+L4TGddtmFek2u8RtccAgFZWtS9QXF2xCXY22/M4nzkaKF0q9Fc6M/5rxLDhfwc/A=="],

    "@types/node": ["@types/node@22.20.3", "", { "dependencies": { "undici-types": "~6.21.0" } }, "sha512-DZmzkmwHzXrLPAXPyKNDzlIwMMUZCVacoD25ywdy5YTKGbOx/2ld+Q38Im2zJ0vBuZP5Prd3VZutKZyXwkOS8A=="],

    "@types/ws": ["@types/ws@8.18.1", "", { "dependencies": { "@types/node": "*" } }, "sha512-ThVF6DCVhA8kUGy+aazFQ4kXQ7E1Ty7A3ypFOe0IcJV8O/M511G99AW24irKrW56Wt44yG9+ij8FaqoBGkuBXg=="],

    "@vercel/oidc": ["@vercel/oidc@3.1.0", "", {}, "sha512-Fw28YZpRnA3cAHHDlkt7xQHiJ0fcL+NRcIqsocZQUSmbzeIKRpwttJjik5ZGanXP+vlA4SbTg+AbA3bP363l+w=="],

    "abort-controller": ["abort-controller@3.0.0", "", { "dependencies": { "event-target-shim": "^5.0.0" } }, "sha512-h8lQ8tacZYnR3vNQTgibj+tODHI5/+l06Au2Pcriv/Gmet0eaj4TwWH41sO9wnHDiQsEj19q0drzdWdeAHtweg=="],

    "ai": ["ai@5.0.259", "", { "dependencies": { "@ai-sdk/gateway": "2.0.153", "@ai-sdk/provider": "2.0.4", "@ai-sdk/provider-utils": "3.0.37", "@opentelemetry/api": "1.9.0" }, "peerDependencies": { "zod": "^3.25.76 || ^4.1.8" } }, "sha512-Er9lVNxOmW3dwWg+s6/OZXyNZr36hA+SXbr/5p+OJtVVaNOkXrPEeX0rYWVpyMLsteefXrTcwFYQ0NvRjI3nlA=="],

    "bun-types": ["bun-types@1.4.2", "", { "dependencies": { "@types/node": "*" } }, "sha512-bxV1FgK7yBIzjRe5zBozIM4Bem11ZJcCXSrjWRG3YWLt8yFDePu4cLjpebO8OvPeIE9trbyPF4fuj3Cia4Fj3w=="],

    "cron-parser": ["cron-parser@5.10.1", "", { "dependencies": { "luxon": "^3.7.2" } }, "sha512-pKRrRagItwk9rGIStcUyMxFX34x56zoX3KDf9HJ4ttwkXIK1qxK63EvXvEDmlxI9AdPJ+Y7TEKRftRlW5eSS7A=="],

    "debug": ["debug@4.4.3", "", { "dependencies": { "ms": "^2.1.3" }, "peerDependencies": { "supports-color": "*" }, "optionalPeers": ["supports-color"] }, "sha512-RGwwWnwQvkVfavKVt22FGLw+xYSdzARwm0ru6DhTVA3umU5hZc28V3kO4stgYryrTlLpuvgI9GiijltAjNbcqA=="],

    "event-target-shim": ["event-target-shim@5.0.1", "", {}, "sha512-i/2XbnSz/uxRCU6+NdVJgKWDTM427+MqYbkQzD321DuCQJUqOuJKIA0IM2+W2xtYHdKOmZ4dR6fExsd4SXL+WQ=="],

    "eventsource-parser": ["eventsource-parser@3.1.1", "", {}, "sha512-EKN1vKAMcZ8MlYMpaNuxN6R9yakzH6uajHcHVTqWJzvu5pWw9DyhbP35HH8MVBQ+dZjAfDxk+A8NiR9KWaXiyQ=="],

    "grammy": ["grammy@1.46.0", "", { "dependencies": { "@grammyjs/types": "5.0.0", "abort-controller": "^3.0.0", "debug": "^4.4.3", "node-fetch": "^2.7.0" } }, "sha512-/8Qw+iisrUdOMk+p2mjEHouMm/BBdBEN1DHh16wiTpRUZkxDG3PxexdjCvR+wvK3LWPdrEvnQbdrwpU954sPhg=="],

    "json-schema": ["json-schema@0.4.0", "", {}, "sha512-es94M3nTIfsEPisRafak+HDLfHXnKBhV3vU5eqPcS3flIWqcxJWgXHXiey3YrpaNsanY5ei1VoYEbOzijuq9BA=="],

    "json5": ["json5@2.2.3", "", { "bin": { "json5": "lib/cli.js" } }, "sha512-XmOWe7eyHYH14cLdVPoyg+GOH3rYX++KpzrylJwSW98t3Nk+U8XOl8FWKOgwtzdb8lXGf6zYwDUzeHMWfxasyg=="],

    "luxon": ["luxon@3.7.2", "", {}, "sha512-vtEhXh/gNjI9Yg1u4jX/0YVPMvxzHuGgCm6tC5kZyb08yjGWGnqAjGJvcXbqQR2P3MyMEFnRbpcdFS6PBcLqew=="],

    "ms": ["ms@2.1.3", "", {}, "sha512-6FlzubTLZG3J2a/NVCAleEhjzq5oxgHyaCU9yYXvcLsvoVaHJq/s5xXI6/XXP6tz7R9xAOtHnSO/tXtF3WRTlA=="],

    "node-fetch": ["node-fetch@2.7.0", "", { "dependencies": { "whatwg-url": "^5.0.0" }, "peerDependencies": { "encoding": "^0.1.0" }, "optionalPeers": ["encoding"] }, "sha512-c4FRfUm/dbcWZ7U+1Wq0AwCyFL+3nt2bEw05wfxSz+DWpWsitgmSgYmy2dQdWyKC1694ELPqMs/YzUSNozLt8A=="],

    "tr46": ["tr46@0.0.3", "", {}, "sha512-N3WMsuqV66lT30CrXNbEjx4GEwlow3v6rr4mCcv6prnfwhS01rkgyFdjPNBYd9br7LpXV1+Emh01fHnq2Gdgrw=="],

    "typescript": ["typescript@5.9.3", "", { "bin": { "tsc": "bin/tsc", "tsserver": "bin/tsserver" } }, "sha512-jl1vZzPDinLr9eUt3J/t7V6FgNEw9QjvBPdysz9KfQDD41fQrC2Y4vKQdiaUpFT4bXlb1RHhLpp8wtm6M5TgSw=="],

    "undici": ["undici@5.29.0", "", { "dependencies": { "@fastify/busboy": "^2.0.0" } }, "sha512-raqeBD6NQK4SkWhQzeYKd1KmIG6dllBOTt55Rmkt4HtI9mwdWtJljnrXjAFUBLTSN67HWrOIZ3EPF4kjUw80Bg=="],

    "undici-types": ["undici-types@6.21.0", "", {}, "sha512-iwDZqg0QAGrg9Rav5H4n0M64c3mkR59cJ6wQp+7C4nI0gsmExaedaYLNO44eT4AtBBwjbTiGPMlt2Md0T9H9JQ=="],

    "webidl-conversions": ["webidl-conversions@3.0.1", "", {}, "sha512-2JAn3z8AR6rjK8Sm8orRC0h/bcl/DqL7tRPdGZ4I1CjdF+EaMLmYxBHyXuKL849eucPFhvBoxMsflfOb8kxaeQ=="],

    "whatwg-url": ["whatwg-url@5.0.0", "", { "dependencies": { "tr46": "~0.0.3", "webidl-conversions": "^3.0.0" } }, "sha512-saE57nupxk6v3HY35+jzBwYa0rKSy0XR8JSxZPwgLr7ys0IBzhGviA1/TUGJLmSVqs8pb9AnvICXEuOHLprYTw=="],

    "ws": ["ws@8.21.3", "", { "peerDependencies": { "bufferutil": "^4.0.1", "utf-8-validate": ">=5.0.2" }, "optionalPeers": ["bufferutil", "utf-8-validate"] }, "sha512-201TZ/kPWxoPr/OKWjquZR1SWKXcvxdH+e1xrx89b3YbmzLMFCLfnaG1HFIgWzJOEWZ7MvpK++odZufgYR50Rw=="],

    "zod": ["zod@4.6.5", "", {}, "sha512-v5l/aFXZQeai4awLbOpSoHecE9UiMrnfx75tEXLjNonXVARxQ5mOeipTjROUchszUNCqnE+hqAMujRsRHsut2Q=="],
  }
}
